
Microsoft Visual Studio Solution File, Format Version 12.00
Project("{FAE04EC0-301F-11D3-BF4B-00C04F79EFBC}") = "TooGoodToGoNotifier.Infrastructure", "TooGoodToGoNotifier.Infrastructure\TooGoodToGoNotifier.Infrastructure.csproj", "{8A624CAF-BFF6-482B-AD1C-3342B8867CEB}"
EndProject
Project("{FAE04EC0-301F-11D3-BF4B-00C04F79EFBC}") = "TooGoodToGoNotifier.Presentation.Console", "TooGoodToGoNotifier.Presentation.Console\TooGoodToGoNotifier.Presentation.Console.csproj", "{9173663E-B6EE-4575-91AB-DEEE564B72BA}"
EndProject
Project("{FAE04EC0-301F-11D3-BF4B-00C04F79EFBC}") = "TooGoodToGoNotifier.Infrastructure.Tests", "TooGoodToGoNotifier.Infrastructure.Tests\TooGoodToGoNotifier.Infrastructure.Tests.csproj", "{D9CDA27D-6DA5-4CDB-B3CC-B57CDA5831D8}"
EndProject
Project("{FAE04EC0-301F-11D3-BF4B-00C04F79EFBC}") = "TooGoodToGoNotifier.Domain", "TooGoodToGoNotifier.Domain\TooGoodToGoNotifier.Domain.csproj", "{D205CC92-DD90-4D32-A1F9-F600B736FCDE}"
EndProject
Project("{FAE04EC0-301F-11D3-BF4B-00C04F79EFBC}") = "TooGoodToGoNotifier.Application", "TooGoodToGoNotifier.Application\TooGoodToGoNotifier.Application.csproj", "{9A23F198-EF64-42DF-961F-6397AF041B63}"
EndProject
Project("{2150E333-8FDC-42A3-9474-1A3956D46DE8}") = "tests", "tests", "{639DEC3B-33F2-4E1F-8EF5-DAC8FEBCC236}"
EndProject
Project("{FAE04EC0-301F-11D3-BF4B-00C04F79EFBC}") = "TooGoodToGoNotifier.Presentation.Function", "TooGoodToGoNotifier.Presentation.Function\TooGoodToGoNotifier.Presentation.Function.csproj", "{A08C6223-3B0C-43BE-9C5F-19BC5614D67A}"
EndProject
Global
	GlobalSection(SolutionConfigurationPlatforms) = preSolution
		Debug|Any CPU = Debug|Any CPU
		Release|Any CPU = Release|Any CPU
	EndGlobalSection
	GlobalSection(ProjectConfigurationPlatforms) = postSolution
		{8A624CAF-BFF6-482B-AD1C-3342B8867CEB}.Debug|Any CPU.ActiveCfg = Debug|Any CPU
		{8A624CAF-BFF6-482B-AD1C-3342B8867CEB}.Debug|Any CPU.Build.0 = Debug|Any CPU
		{8A624CAF-BFF6-482B-AD1C-3342B8867CEB}.Release|Any CPU.ActiveCfg = Release|Any CPU
		{8A624CAF-BFF6-482B-AD1C-3342B8867CEB}.Release|Any CPU.Build.0 = Release|Any CPU
		{9173663E-B6EE-4575-91AB-DEEE564B72BA}.Debug|Any CPU.ActiveCfg = Debug|Any CPU
		{9173663E-B6EE-4575-91AB-DEEE564B72BA}.Debug|Any CPU.Build.0 = Debug|Any CPU
		{9173663E-B6EE-4575-91AB-DEEE564B72BA}.Release|Any CPU.ActiveCfg = Release|Any CPU
		{9173663E-B6EE-4575-91AB-DEEE564B72BA}.Release|Any CPU.Build.0 = Release|Any CPU
		{D9CDA27D-6DA5-4CDB-B3CC-B57CDA5831D8}.Debug|Any CPU.ActiveCfg = Debug|Any CPU
		{D9CDA27D-6DA5-4CDB-B3CC-B57CDA5831D8}.Debug|Any CPU.Build.0 = Debug|Any CPU
		{D9CDA27D-6DA5-4CDB-B3CC-B57CDA5831D8}.Release|Any CPU.ActiveCfg = Release|Any CPU
		{D9CDA27D-6DA5-4CDB-B3CC-B57CDA5831D8}.Release|Any CPU.Build.0 = Release|Any CPU
		{D205CC92-DD90-4D32-A1F9-F600B736FCDE}.Debug|Any CPU.ActiveCfg = Debug|Any CPU
		{D205CC92-DD90-4D32-A1F9-F600B736FCDE}.Debug|Any CPU.Build.0 = Debug|Any CPU
		{D205CC92-DD90-4D32-A1F9-F600B736FCDE}.Release|Any CPU.ActiveCfg = Release|Any CPU
		{D205CC92-DD90-4D32-A1F9-F600B736FCDE}.Release|Any CPU.Build.0 = Release|Any CPU
		{9A23F198-EF64-42DF-961F-6397AF041B63}.Debug|Any CPU.ActiveCfg = Debug|Any CPU
		{9A23F198-EF64-42DF-961F-6397AF041B63}.Debug|Any CPU.Build.0 = Debug|Any CPU
		{9A23F198-EF64-42DF-961F-6397AF041B63}.Release|Any CPU.ActiveCfg = Release|Any CPU
		{9A23F198-EF64-42DF-961F-6397AF041B63}.Release|Any CPU.Build.0 = Release|Any CPU
		{A08C6223-3B0C-43BE-9C5F-19BC5614D67A}.Debug|Any CPU.ActiveCfg = Debug|Any CPU
		{A08C6223-3B0C-43BE-9C5F-19BC5614D67A}.Debug|Any CPU.Build.0 = Debug|Any CPU
		{A08C6223-3B0C-43BE-9C5F-19BC5614D67A}.Release|Any CPU.ActiveCfg = Release|Any CPU
		{A08C6223-3B0C-43BE-9C5F-19BC5614D67A}.Release|Any CPU.Build.0 = Release|Any CPU
	EndGlobalSection
	GlobalSection(NestedProjects) = preSolution
		{D9CDA27D-6DA5-4CDB-B3CC-B57CDA5831D8} = {639DEC3B-33F2-4E1F-8EF5-DAC8FEBCC236}
	EndGlobalSection
EndGlobal
